
Microsoft Visual Studio Solution File, Format Version 12.00
# Visual Studio Version 17
VisualStudioVersion = 17.3.32929.385
MinimumVisualStudioVersion = 10.0.40219.1
Project("{FAE04EC0-301F-11D3-BF4B-00C04F79EFBC}") = "LOGİNSCREEN", "LOGİNSCREEN\LOGİNSCREEN.csproj", "{1470915D-96D9-43DA-9B4F-C12D32B3AD78}"
EndProject
Global
	GlobalSection(SolutionConfigurationPlatforms) = preSolution
		Debug|Any CPU = Debug|Any CPU
		Release|Any CPU = Release|Any CPU
	EndGlobalSection
	GlobalSection(ProjectConfigurationPlatforms) = postSolution
		{1470915D-96D9-43DA-9B4F-C12D32B3AD78}.Debug|Any CPU.ActiveCfg = Debug|Any CPU
		{1470915D-96D9-43DA-9B4F-C12D32B3AD78}.Debug|Any CPU.Build.0 = Debug|Any CPU
		{1470915D-96D9-43DA-9B4F-C12D32B3AD78}.Release|Any CPU.ActiveCfg = Release|Any CPU
		{1470915D-96D9-43DA-9B4F-C12D32B3AD78}.Release|Any CPU.Build.0 = Release|Any CPU
	EndGlobalSection
	GlobalSection(SolutionProperties) = preSolution
		HideSolutionNode = FALSE
	EndGlobalSection
	GlobalSection(ExtensibilityGlobals) = postSolution
		SolutionGuid = {712B1529-0455-49D5-A53A-2A94598F82F6}
	EndGlobalSection
EndGlobal
